
Microsoft Visual Studio Solution File, Format Version 12.00
# Visual Studio Version 16
VisualStudioVersion = 16.0.29411.108
MinimumVisualStudioVersion = 10.0.40219.1
Project("{FAE04EC0-301F-11D3-BF4B-00C04F79EFBC}") = "WXL.RD.OA", "WXL.RD.OA\WXL.RD.OA.csproj", "{F1EBFEAC-7461-4A0D-A3DA-E2D1C3C19961}"
EndProject
Global
	GlobalSection(SolutionConfigurationPlatforms) = preSolution
		Debug|Any CPU = Debug|Any CPU
		Release|Any CPU = Release|Any CPU
	EndGlobalSection
	GlobalSection(ProjectConfigurationPlatforms) = postSolution
		{F1EBFEAC-7461-4A0D-A3DA-E2D1C3C19961}.Debug|Any CPU.ActiveCfg = Debug|Any CPU
		{F1EBFEAC-7461-4A0D-A3DA-E2D1C3C19961}.Debug|Any CPU.Build.0 = Debug|Any CPU
		{F1EBFEAC-7461-4A0D-A3DA-E2D1C3C19961}.Release|Any CPU.ActiveCfg = Release|Any CPU
		{F1EBFEAC-7461-4A0D-A3DA-E2D1C3C19961}.Release|Any CPU.Build.0 = Release|Any CPU
	EndGlobalSection
	GlobalSection(SolutionProperties) = preSolution
		HideSolutionNode = FALSE
	EndGlobalSection
	GlobalSection(ExtensibilityGlobals) = postSolution
		SolutionGuid = {F305E90D-2561-4C16-B64A-7BFE56B83C4C}
	EndGlobalSection
EndGlobal
